
Microsoft Visual Studio Solution File, Format Version 12.00
# Visual Studio 15
VisualStudioVersion = 15.0.26730.12
MinimumVisualStudioVersion = 10.0.40219.1
Project("{FAE04EC0-301F-11D3-BF4B-00C04F79EFBC}") = "Passenger.Core", "Passenger.Core\Passenger.Core.csproj", "{C0367F07-8BDF-4FF9-8BB9-D0F8DE95E413}"
EndProject
Project("{FAE04EC0-301F-11D3-BF4B-00C04F79EFBC}") = "Passenger.Infrastructure", "Passenger.Infrastructure\Passenger.Infrastructure.csproj", "{57425961-FC5E-4E63-AB7A-DED660F7B42B}"
EndProject
Project("{FAE04EC0-301F-11D3-BF4B-00C04F79EFBC}") = "Passenger.Api", "Passenger.Api\Passenger.Api.csproj", "{2444C987-F42E-4B71-9C59-7DD59A317A95}"
	ProjectSection(ProjectDependencies) = postProject
		{57425961-FC5E-4E63-AB7A-DED660F7B42B} = {57425961-FC5E-4E63-AB7A-DED660F7B42B}
	EndProjectSection
EndProject
Project("{FAE04EC0-301F-11D3-BF4B-00C04F79EFBC}") = "Passenger.Tests", "Passenger.Tests\Passenger.Tests.csproj", "{4FEE6925-BB97-40CD-9BF7-D2D74C68AF0F}"
	ProjectSection(ProjectDependencies) = postProject
		{C0367F07-8BDF-4FF9-8BB9-D0F8DE95E413} = {C0367F07-8BDF-4FF9-8BB9-D0F8DE95E413}
		{57425961-FC5E-4E63-AB7A-DED660F7B42B} = {57425961-FC5E-4E63-AB7A-DED660F7B42B}
	EndProjectSection
EndProject
Project("{FAE04EC0-301F-11D3-BF4B-00C04F79EFBC}") = "Passenger.Tests.EndToEnd", "Passenger.Tests.EndToEnd\Passenger.Tests.EndToEnd.csproj", "{0A649F5D-29C4-4893-8FD7-6E42BA66932C}"
EndProject
Global
	GlobalSection(SolutionConfigurationPlatforms) = preSolution
		Debug|Any CPU = Debug|Any CPU
		Release|Any CPU = Release|Any CPU
	EndGlobalSection
	GlobalSection(ProjectConfigurationPlatforms) = postSolution
		{C0367F07-8BDF-4FF9-8BB9-D0F8DE95E413}.Debug|Any CPU.ActiveCfg = Debug|Any CPU
		{C0367F07-8BDF-4FF9-8BB9-D0F8DE95E413}.Debug|Any CPU.Build.0 = Debug|Any CPU
		{C0367F07-8BDF-4FF9-8BB9-D0F8DE95E413}.Release|Any CPU.ActiveCfg = Release|Any CPU
		{C0367F07-8BDF-4FF9-8BB9-D0F8DE95E413}.Release|Any CPU.Build.0 = Release|Any CPU
		{57425961-FC5E-4E63-AB7A-DED660F7B42B}.Debug|Any CPU.ActiveCfg = Debug|Any CPU
		{57425961-FC5E-4E63-AB7A-DED660F7B42B}.Debug|Any CPU.Build.0 = Debug|Any CPU
		{57425961-FC5E-4E63-AB7A-DED660F7B42B}.Release|Any CPU.ActiveCfg = Release|Any CPU
		{57425961-FC5E-4E63-AB7A-DED660F7B42B}.Release|Any CPU.Build.0 = Release|Any CPU
		{2444C987-F42E-4B71-9C59-7DD59A317A95}.Debug|Any CPU.ActiveCfg = Debug|Any CPU
		{2444C987-F42E-4B71-9C59-7DD59A317A95}.Debug|Any CPU.Build.0 = Debug|Any CPU
		{2444C987-F42E-4B71-9C59-7DD59A317A95}.Release|Any CPU.ActiveCfg = Release|Any CPU
		{2444C987-F42E-4B71-9C59-7DD59A317A95}.Release|Any CPU.Build.0 = Release|Any CPU
		{4FEE6925-BB97-40CD-9BF7-D2D74C68AF0F}.Debug|Any CPU.ActiveCfg = Debug|Any CPU
		{4FEE6925-BB97-40CD-9BF7-D2D74C68AF0F}.Debug|Any CPU.Build.0 = Debug|Any CPU
		{4FEE6925-BB97-40CD-9BF7-D2D74C68AF0F}.Release|Any CPU.ActiveCfg = Release|Any CPU
		{4FEE6925-BB97-40CD-9BF7-D2D74C68AF0F}.Release|Any CPU.Build.0 = Release|Any CPU
		{0A649F5D-29C4-4893-8FD7-6E42BA66932C}.Debug|Any CPU.ActiveCfg = Debug|Any CPU
		{0A649F5D-29C4-4893-8FD7-6E42BA66932C}.Debug|Any CPU.Build.0 = Debug|Any CPU
		{0A649F5D-29C4-4893-8FD7-6E42BA66932C}.Release|Any CPU.ActiveCfg = Release|Any CPU
		{0A649F5D-29C4-4893-8FD7-6E42BA66932C}.Release|Any CPU.Build.0 = Release|Any CPU
	EndGlobalSection
	GlobalSection(SolutionProperties) = preSolution
		HideSolutionNode = FALSE
	EndGlobalSection
	GlobalSection(ExtensibilityGlobals) = postSolution
		SolutionGuid = {0728846E-2B73-4542-990D-50291D3EAD4C}
	EndGlobalSection
EndGlobal
